
Microsoft Visual Studio Solution File, Format Version 12.00
# Visual Studio Version 17
VisualStudioVersion = 17.5.33502.453
MinimumVisualStudioVersion = 10.0.40219.1
Project("{FAE04EC0-301F-11D3-BF4B-00C04F79EFBC}") = "WindowsFormsApp1", "WindowsFormsApp1\WindowsFormsApp1.csproj", "{9B8C9F6A-2920-42D2-A154-C65BC9449850}"
EndProject
Global
	GlobalSection(SolutionConfigurationPlatforms) = preSolution
		Debug|Any CPU = Debug|Any CPU
		Release|Any CPU = Release|Any CPU
	EndGlobalSection
	GlobalSection(ProjectConfigurationPlatforms) = postSolution
		{9B8C9F6A-2920-42D2-A154-C65BC9449850}.Debug|Any CPU.ActiveCfg = Debug|Any CPU
		{9B8C9F6A-2920-42D2-A154-C65BC9449850}.Debug|Any CPU.Build.0 = Debug|Any CPU
		{9B8C9F6A-2920-42D2-A154-C65BC9449850}.Release|Any CPU.ActiveCfg = Release|Any CPU
		{9B8C9F6A-2920-42D2-A154-C65BC9449850}.Release|Any CPU.Build.0 = Release|Any CPU
	EndGlobalSection
	GlobalSection(SolutionProperties) = preSolution
		HideSolutionNode = FALSE
	EndGlobalSection
	GlobalSection(ExtensibilityGlobals) = postSolution
		SolutionGuid = {6BDD6C13-A2E7-41D7-B1EE-A0CDAA7EECFE}
	EndGlobalSection
EndGlobal
